
Microsoft Visual Studio Solution File, Format Version 12.00
# Visual Studio 15
VisualStudioVersion = 15.0.27703.2000
MinimumVisualStudioVersion = 10.0.40219.1
Project("{FAE04EC0-301F-11D3-BF4B-00C04F79EFBC}") = "AADB2C.MultiStepSignUp", "AADB2C.MultiStepSignUp\AADB2C.MultiStepSignUp.csproj", "{6BCCAF74-61E2-4566-9885-68AC38F0443D}"
EndProject
Global
	GlobalSection(SolutionConfigurationPlatforms) = preSolution
		Debug|Any CPU = Debug|Any CPU
		Release|Any CPU = Release|Any CPU
	EndGlobalSection
	GlobalSection(ProjectConfigurationPlatforms) = postSolution
		{6BCCAF74-61E2-4566-9885-68AC38F0443D}.Debug|Any CPU.ActiveCfg = Debug|Any CPU
		{6BCCAF74-61E2-4566-9885-68AC38F0443D}.Debug|Any CPU.Build.0 = Debug|Any CPU
		{6BCCAF74-61E2-4566-9885-68AC38F0443D}.Release|Any CPU.ActiveCfg = Release|Any CPU
		{6BCCAF74-61E2-4566-9885-68AC38F0443D}.Release|Any CPU.Build.0 = Release|Any CPU
	EndGlobalSection
	GlobalSection(SolutionProperties) = preSolution
		HideSolutionNode = FALSE
	EndGlobalSection
	GlobalSection(ExtensibilityGlobals) = postSolution
		SolutionGuid = {7DB72210-CF60-41D1-8E03-D9C61DCB72A1}
	EndGlobalSection
EndGlobal
